
Microsoft Visual Studio Solution File, Format Version 12.00
# Visual Studio Version 16
VisualStudioVersion = 16.0.29509.3
MinimumVisualStudioVersion = 10.0.40219.1
Project("{9A19103F-16F7-4668-BE54-9A1E7A4F7556}") = "FishingStore", "FishingStore\FishingStore.csproj", "{384B7947-2DF2-4835-A09D-BA9612557348}"
EndProject
Global
	GlobalSection(SolutionConfigurationPlatforms) = preSolution
		Debug|Any CPU = Debug|Any CPU
		Release|Any CPU = Release|Any CPU
	EndGlobalSection
	GlobalSection(ProjectConfigurationPlatforms) = postSolution
		{384B7947-2DF2-4835-A09D-BA9612557348}.Debug|Any CPU.ActiveCfg = Debug|Any CPU
		{384B7947-2DF2-4835-A09D-BA9612557348}.Debug|Any CPU.Build.0 = Debug|Any CPU
		{384B7947-2DF2-4835-A09D-BA9612557348}.Release|Any CPU.ActiveCfg = Release|Any CPU
		{384B7947-2DF2-4835-A09D-BA9612557348}.Release|Any CPU.Build.0 = Release|Any CPU
	EndGlobalSection
	GlobalSection(SolutionProperties) = preSolution
		HideSolutionNode = FALSE
	EndGlobalSection
	GlobalSection(ExtensibilityGlobals) = postSolution
		SolutionGuid = {F3645EF8-9681-4B07-A17D-ADE31FDD85AD}
	EndGlobalSection
EndGlobal
