
Microsoft Visual Studio Solution File, Format Version 12.00
# Visual Studio Version 16
VisualStudioVersion = 16.0.29509.3
MinimumVisualStudioVersion = 10.0.40219.1
Project("{FAE04EC0-301F-11D3-BF4B-00C04F79EFBC}") = "FishingStore", "FishingStore\FishingStore.csproj", "{384B7947-2DF2-4835-A09D-BA9612557348}"
EndProject
Project("{FAE04EC0-301F-11D3-BF4B-00C04F79EFBC}") = "FishingStore.Tests", "FishingStore.Tests\FishingStore.Tests.csproj", "{48A0D87F-7C26-436A-8E81-05D75BFA65E1}"
EndProject
Global
	GlobalSection(SolutionConfigurationPlatforms) = preSolution
		Debug|Any CPU = Debug|Any CPU
		Release|Any CPU = Release|Any CPU
	EndGlobalSection
	GlobalSection(ProjectConfigurationPlatforms) = postSolution
		{384B7947-2DF2-4835-A09D-BA9612557348}.Debug|Any CPU.ActiveCfg = Debug|Any CPU
		{384B7947-2DF2-4835-A09D-BA9612557348}.Debug|Any CPU.Build.0 = Debug|Any CPU
		{384B7947-2DF2-4835-A09D-BA9612557348}.Release|Any CPU.ActiveCfg = Release|Any CPU
		{384B7947-2DF2-4835-A09D-BA9612557348}.Release|Any CPU.Build.0 = Release|Any CPU
		{48A0D87F-7C26-436A-8E81-05D75BFA65E1}.Debug|Any CPU.ActiveCfg = Debug|Any CPU
		{48A0D87F-7C26-436A-8E81-05D75BFA65E1}.Debug|Any CPU.Build.0 = Debug|Any CPU
		{48A0D87F-7C26-436A-8E81-05D75BFA65E1}.Release|Any CPU.ActiveCfg = Release|Any CPU
		{48A0D87F-7C26-436A-8E81-05D75BFA65E1}.Release|Any CPU.Build.0 = Release|Any CPU
	EndGlobalSection
	GlobalSection(SolutionProperties) = preSolution
		HideSolutionNode = FALSE
	EndGlobalSection
	GlobalSection(ExtensibilityGlobals) = postSolution
		SolutionGuid = {F3645EF8-9681-4B07-A17D-ADE31FDD85AD}
	EndGlobalSection
EndGlobal
